// !$*UTF8*$!
{
	archiveVersion = 1;
	classes = {
	};
	objectVersion = 46;
	objects = {

/* Begin PBXBuildFile section */
		56AB93B51ED7D8D700B8522A /* main.m in Sources */ = {isa = PBXBuildFile; fileRef = 56AB93B41ED7D8D700B8522A /* main.m */; };
		56AB93B81ED7D8D700B8522A /* AppDelegate.m in Sources */ = {isa = PBXBuildFile; fileRef = 56AB93B71ED7D8D700B8522A /* AppDelegate.m */; };
		56AB93BE1ED7D8D700B8522A /* Main.storyboard in Resources */ = {isa = PBXBuildFile; fileRef = 56AB93BC1ED7D8D700B8522A /* Main.storyboard */; };
		56AB93C01ED7D8D700B8522A /* Assets.xcassets in Resources */ = {isa = PBXBuildFile; fileRef = 56AB93BF1ED7D8D700B8522A /* Assets.xcassets */; };
		56AB93C31ED7D8D700B8522A /* LaunchScreen.storyboard in Resources */ = {isa = PBXBuildFile; fileRef = 56AB93C11ED7D8D700B8522A /* LaunchScreen.storyboard */; };
		56AB93CC1ED7D90800B8522A /* SKBaseItem.m in Sources */ = {isa = PBXBuildFile; fileRef = 56AB93CB1ED7D90800B8522A /* SKBaseItem.m */; };
		56AB93CF1ED7D92200B8522A /* ViewController.m in Sources */ = {isa = PBXBuildFile; fileRef = 56AB93CE1ED7D92200B8522A /* ViewController.m */; };
		56AB93D61ED7D94700B8522A /* TestItem.m in Sources */ = {isa = PBXBuildFile; fileRef = 56AB93D11ED7D94700B8522A /* TestItem.m */; };
/* End PBXBuildFile section */

/* Begin PBXFileReference section */
		56AB93B01ED7D8D700B8522A /* SKItem.app */ = {isa = PBXFileReference; explicitFileType = wrapper.application; includeInIndex = 0; path = SKItem.app; sourceTree = BUILT_PRODUCTS_DIR; };
		56AB93B41ED7D8D700B8522A /* main.m */ = {isa = PBXFileReference; lastKnownFileType = sourcecode.c.objc; path = main.m; sourceTree = "<group>"; };
		56AB93B61ED7D8D700B8522A /* AppDelegate.h */ = {isa = PBXFileReference; lastKnownFileType = sourcecode.c.h; path = AppDelegate.h; sourceTree = "<group>"; };
		56AB93B71ED7D8D700B8522A /* AppDelegate.m */ = {isa = PBXFileReference; lastKnownFileType = sourcecode.c.objc; path = AppDelegate.m; sourceTree = "<group>"; };
		56AB93BD1ED7D8D700B8522A /* Base */ = {isa = PBXFileReference; lastKnownFileType = file.storyboard; name = Base; path = Base.lproj/Main.storyboard; sourceTree = "<group>"; };
		56AB93BF1ED7D8D700B8522A /* Assets.xcassets */ = {isa = PBXFileReference; lastKnownFileType = folder.assetcatalog; path = Assets.xcassets; sourceTree = "<group>"; };
		56AB93C21ED7D8D700B8522A /* Base */ = {isa = PBXFileReference; lastKnownFileType = file.storyboard; name = Base; path = Base.lproj/LaunchScreen.storyboard; sourceTree = "<group>"; };
		56AB93C41ED7D8D700B8522A /* Info.plist */ = {isa = PBXFileReference; lastKnownFileType = text.plist.xml; path = Info.plist; sourceTree = "<group>"; };
		56AB93CA1ED7D90800B8522A /* SKBaseItem.h */ = {isa = PBXFileReference; fileEncoding = 4; lastKnownFileType = sourcecode.c.h; path = SKBaseItem.h; sourceTree = "<group>"; };
		56AB93CB1ED7D90800B8522A /* SKBaseItem.m */ = {isa = PBXFileReference; fileEncoding = 4; lastKnownFileType = sourcecode.c.objc; path = SKBaseItem.m; sourceTree = "<group>"; };
		56AB93CD1ED7D92200B8522A /* ViewController.h */ = {isa = PBXFileReference; fileEncoding = 4; lastKnownFileType = sourcecode.c.h; path = ViewController.h; sourceTree = "<group>"; };
		56AB93CE1ED7D92200B8522A /* ViewController.m */ = {isa = PBXFileReference; fileEncoding = 4; lastKnownFileType = sourcecode.c.objc; path = ViewController.m; sourceTree = "<group>"; };
		56AB93D01ED7D94700B8522A /* TestItem.h */ = {isa = PBXFileReference; fileEncoding = 4; lastKnownFileType = sourcecode.c.h; path = TestItem.h; sourceTree = "<group>"; };
		56AB93D11ED7D94700B8522A /* TestItem.m */ = {isa = PBXFileReference; fileEncoding = 4; lastKnownFileType = sourcecode.c.objc; path = TestItem.m; sourceTree = "<group>"; };
/* End PBXFileReference section */

/* Begin PBXFrameworksBuildPhase section */
		56AB93AD1ED7D8D700B8522A /* Frameworks */ = {
			isa = PBXFrameworksBuildPhase;
			buildActionMask = 2147483647;
			files = (
			);
			runOnlyForDeploymentPostprocessing = 0;
		};
/* End PBXFrameworksBuildPhase section */

/* Begin PBXGroup section */
		56AB93A71ED7D8D700B8522A = {
			isa = PBXGroup;
			children = (
				56AB93B21ED7D8D700B8522A /* SKItem */,
				56AB93B11ED7D8D700B8522A /* Products */,
			);
			sourceTree = "<group>";
		};
		56AB93B11ED7D8D700B8522A /* Products */ = {
			isa = PBXGroup;
			children = (
				56AB93B01ED7D8D700B8522A /* SKItem.app */,
			);
			name = Products;
			sourceTree = "<group>";
		};
		56AB93B21ED7D8D700B8522A /* SKItem */ = {
			isa = PBXGroup;
			children = (
				56AB93CA1ED7D90800B8522A /* SKBaseItem.h */,
				56AB93CB1ED7D90800B8522A /* SKBaseItem.m */,
				56AB93D01ED7D94700B8522A /* TestItem.h */,
				56AB93D11ED7D94700B8522A /* TestItem.m */,
				56AB93B61ED7D8D700B8522A /* AppDelegate.h */,
				56AB93B71ED7D8D700B8522A /* AppDelegate.m */,
				56AB93CD1ED7D92200B8522A /* ViewController.h */,
				56AB93CE1ED7D92200B8522A /* ViewController.m */,
				56AB93BC1ED7D8D700B8522A /* Main.storyboard */,
				56AB93BF1ED7D8D700B8522A /* Assets.xcassets */,
				56AB93C11ED7D8D700B8522A /* LaunchScreen.storyboard */,
				56AB93C41ED7D8D700B8522A /* Info.plist */,
				56AB93B31ED7D8D700B8522A /* Supporting Files */,
			);
			path = SKItem;
			sourceTree = "<group>";
		};
		56AB93B31ED7D8D700B8522A /* Supporting Files */ = {
			isa = PBXGroup;
			children = (
				56AB93B41ED7D8D700B8522A /* main.m */,
			);
			name = "Supporting Files";
			sourceTree = "<group>";
		};
/* End PBXGroup section */

/* Begin PBXNativeTarget section */
		56AB93AF1ED7D8D700B8522A /* SKItem */ = {
			isa = PBXNativeTarget;
			buildConfigurationList = 56AB93C71ED7D8D700B8522A /* Build configuration list for PBXNativeTarget "SKItem" */;
			buildPhases = (
				56AB93AC1ED7D8D700B8522A /* Sources */,
				56AB93AD1ED7D8D700B8522A /* Frameworks */,
				56AB93AE1ED7D8D700B8522A /* Resources */,
			);
			buildRules = (
			);
			dependencies = (
			);
			name = SKItem;
			productName = SKItem;
			productReference = 56AB93B01ED7D8D700B8522A /* SKItem.app */;
			productType = "com.apple.product-type.application";
		};
/* End PBXNativeTarget section */

/* Begin PBXProject section */
		56AB93A81ED7D8D700B8522A /* Project object */ = {
			isa = PBXProject;
			attributes = {
				LastUpgradeCheck = 0830;
				ORGANIZATIONNAME = SO;
				TargetAttributes = {
					56AB93AF1ED7D8D700B8522A = {
						CreatedOnToolsVersion = 8.3.2;
						DevelopmentTeam = LM7S93XPM4;
						ProvisioningStyle = Automatic;
					};
				};
			};
			buildConfigurationList = 56AB93AB1ED7D8D700B8522A /* Build configuration list for PBXProject "SKItem" */;
			compatibilityVersion = "Xcode 3.2";
			developmentRegion = English;
			hasScannedForEncodings = 0;
			knownRegions = (
				en,
				Base,
			);
			mainGroup = 56AB93A71ED7D8D700B8522A;
			productRefGroup = 56AB93B11ED7D8D700B8522A /* Products */;
			projectDirPath = "";
			projectRoot = "";
			targets = (
				56AB93AF1ED7D8D700B8522A /* SKItem */,
			);
		};
/* End PBXProject section */

/* Begin PBXResourcesBuildPhase section */
		56AB93AE1ED7D8D700B8522A /* Resources */ = {
			isa = PBXResourcesBuildPhase;
			buildActionMask = 2147483647;
			files = (
				56AB93C31ED7D8D700B8522A /* LaunchScreen.storyboard in Resources */,
				56AB93C01ED7D8D700B8522A /* Assets.xcassets in Resources */,
				56AB93BE1ED7D8D700B8522A /* Main.storyboard in Resources */,
			);
			runOnlyForDeploymentPostprocessing = 0;
		};
/* End PBXResourcesBuildPhase section */

/* Begin PBXSourcesBuildPhase section */
		56AB93AC1ED7D8D700B8522A /* Sources */ = {
			isa = PBXSourcesBuildPhase;
			buildActionMask = 2147483647;
			files = (
				56AB93B81ED7D8D700B8522A /* AppDelegate.m in Sources */,
				56AB93B51ED7D8D700B8522A /* main.m in Sources */,
				56AB93D61ED7D94700B8522A /* TestItem.m in Sources */,
				56AB93CF1ED7D92200B8522A /* ViewController.m in Sources */,
				56AB93CC1ED7D90800B8522A /* SKBaseItem.m in Sources */,
			);
			runOnlyForDeploymentPostprocessing = 0;
		};
/* End PBXSourcesBuildPhase section */

/* Begin PBXVariantGroup section */
		56AB93BC1ED7D8D700B8522A /* Main.storyboard */ = {
			isa = PBXVariantGroup;
			children = (
				56AB93BD1ED7D8D700B8522A /* Base */,
			);
			name = Main.storyboard;
			sourceTree = "<group>";
		};
		56AB93C11ED7D8D700B8522A /* LaunchScreen.storyboard */ = {
			isa = PBXVariantGroup;
			children = (
				56AB93C21ED7D8D700B8522A /* Base */,
			);
			name = LaunchScreen.storyboard;
			sourceTree = "<group>";
		};
/* End PBXVariantGroup section */

/* Begin XCBuildConfiguration section */
		56AB93C51ED7D8D700B8522A /* Debug */ = {
			isa = XCBuildConfiguration;
			buildSettings = {
				ALWAYS_SEARCH_USER_PATHS = NO;
				CLANG_ANALYZER_NONNULL = YES;
				CLANG_ANALYZER_NUMBER_OBJECT_CONVERSION = YES_AGGRESSIVE;
				CLANG_CXX_LANGUAGE_STANDARD = "gnu++0x";
				CLANG_CXX_LIBRARY = "libc++";
				CLANG_ENABLE_MODULES = YES;
				CLANG_ENABLE_OBJC_ARC = YES;
				CLANG_WARN_BOOL_CONVERSION = YES;
				CLANG_WARN_CONSTANT_CONVERSION = YES;
				CLANG_WARN_DIRECT_OBJC_ISA_USAGE = YES_ERROR;
				CLANG_WARN_DOCUMENTATION_COMMENTS = YES;
				CLANG_WARN_EMPTY_BODY = YES;
				CLANG_WARN_ENUM_CONVERSION = YES;
				CLANG_WARN_INFINITE_RECURSION = YES;
				CLANG_WARN_INT_CONVERSION = YES;
				CLANG_WARN_OBJC_ROOT_CLASS = YES_ERROR;
				CLANG_WARN_SUSPICIOUS_MOVE = YES;
				CLANG_WARN_UNREACHABLE_CODE = YES;
				CLANG_WARN__DUPLICATE_METHOD_MATCH = YES;
				"CODE_SIGN_IDENTITY[sdk=iphoneos*]" = "iPhone Developer";
				COPY_PHASE_STRIP = NO;
				DEBUG_INFORMATION_FORMAT = dwarf;
				ENABLE_STRICT_OBJC_MSGSEND = YES;
				ENABLE_TESTABILITY = YES;
				GCC_C_LANGUAGE_STANDARD = gnu99;
				GCC_DYNAMIC_NO_PIC = NO;
				GCC_NO_COMMON_BLOCKS = YES;
				GCC_OPTIMIZATION_LEVEL = 0;
				GCC_PREPROCESSOR_DEFINITIONS = (
					"DEBUG=1",
					"$(inherited)",
				);
				GCC_WARN_64_TO_32_BIT_CONVERSION = YES;
				GCC_WARN_ABOUT_RETURN_TYPE = YES_ERROR;
				GCC_WARN_UNDECLARED_SELECTOR = YES;
				GCC_WARN_UNINITIALIZED_AUTOS = YES_AGGRESSIVE;
				GCC_WARN_UNUSED_FUNCTION = YES;
				GCC_WARN_UNUSED_VARIABLE = YES;
				IPHONEOS_DEPLOYMENT_TARGET = 8.0;
				MTL_ENABLE_DEBUG_INFO = YES;
				ONLY_ACTIVE_ARCH = YES;
				SDKROOT = iphoneos;
				TARGETED_DEVICE_FAMILY = "1,2";
			};
			name = Debug;
		};
		56AB93C61ED7D8D700B8522A /* Release */ = {
			isa = XCBuildConfiguration;
			buildSettings = {
				ALWAYS_SEARCH_USER_PATHS = NO;
				CLANG_ANALYZER_NONNULL = YES;
				CLANG_ANALYZER_NUMBER_OBJECT_CONVERSION = YES_AGGRESSIVE;
				CLANG_CXX_LANGUAGE_STANDARD = "gnu++0x";
				CLANG_CXX_LIBRARY = "libc++";
				CLANG_ENABLE_MODULES = YES;
				CLANG_ENABLE_OBJC_ARC = YES;
				CLANG_WARN_BOOL_CONVERSION = YES;
				CLANG_WARN_CONSTANT_CONVERSION = YES;
				CLANG_WARN_DIRECT_OBJC_ISA_USAGE = YES_ERROR;
				CLANG_WARN_DOCUMENTATION_COMMENTS = YES;
				CLANG_WARN_EMPTY_BODY = YES;
				CLANG_WARN_ENUM_CONVERSION = YES;
				CLANG_WARN_INFINITE_RECURSION = YES;
				CLANG_WARN_INT_CONVERSION = YES;
				CLANG_WARN_OBJC_ROOT_CLASS = YES_ERROR;
				CLANG_WARN_SUSPICIOUS_MOVE = YES;
				CLANG_WARN_UNREACHABLE_CODE = YES;
				CLANG_WARN__DUPLICATE_METHOD_MATCH = YES;
				"CODE_SIGN_IDENTITY[sdk=iphoneos*]" = "iPhone Developer";
				COPY_PHASE_STRIP = NO;
				DEBUG_INFORMATION_FORMAT = "dwarf-with-dsym";
				ENABLE_NS_ASSERTIONS = NO;
				ENABLE_STRICT_OBJC_MSGSEND = YES;
				GCC_C_LANGUAGE_STANDARD = gnu99;
				GCC_NO_COMMON_BLOCKS = YES;
				GCC_WARN_64_TO_32_BIT_CONVERSION = YES;
				GCC_WARN_ABOUT_RETURN_TYPE = YES_ERROR;
				GCC_WARN_UNDECLARED_SELECTOR = YES;
				GCC_WARN_UNINITIALIZED_AUTOS = YES_AGGRESSIVE;
				GCC_WARN_UNUSED_FUNCTION = YES;
				GCC_WARN_UNUSED_VARIABLE = YES;
				IPHONEOS_DEPLOYMENT_TARGET = 8.0;
				MTL_ENABLE_DEBUG_INFO = NO;
				SDKROOT = iphoneos;
				TARGETED_DEVICE_FAMILY = "1,2";
				VALIDATE_PRODUCT = YES;
			};
			name = Release;
		};
		56AB93C81ED7D8D700B8522A /* Debug */ = {
			isa = XCBuildConfiguration;
			buildSettings = {
				ASSETCATALOG_COMPILER_APPICON_NAME = AppIcon;
				DEVELOPMENT_TEAM = LM7S93XPM4;
				INFOPLIST_FILE = SKItem/Info.plist;
				LD_RUNPATH_SEARCH_PATHS = "$(inherited) @executable_path/Frameworks";
				PRODUCT_BUNDLE_IDENTIFIER = com.soal.SKItem;
				PRODUCT_NAME = "$(TARGET_NAME)";
			};
			name = Debug;
		};
		56AB93C91ED7D8D700B8522A /* Release */ = {
			isa = XCBuildConfiguration;
			buildSettings = {
				ASSETCATALOG_COMPILER_APPICON_NAME = AppIcon;
				DEVELOPMENT_TEAM = LM7S93XPM4;
				INFOPLIST_FILE = SKItem/Info.plist;
				LD_RUNPATH_SEARCH_PATHS = "$(inherited) @executable_path/Frameworks";
				PRODUCT_BUNDLE_IDENTIFIER = com.soal.SKItem;
				PRODUCT_NAME = "$(TARGET_NAME)";
			};
			name = Release;
		};
/* End XCBuildConfiguration section */

/* Begin XCConfigurationList section */
		56AB93AB1ED7D8D700B8522A /* Build configuration list for PBXProject "SKItem" */ = {
			isa = XCConfigurationList;
			buildConfigurations = (
				56AB93C51ED7D8D700B8522A /* Debug */,
				56AB93C61ED7D8D700B8522A /* Release */,
			);
			defaultConfigurationIsVisible = 0;
			defaultConfigurationName = Release;
		};
		56AB93C71ED7D8D700B8522A /* Build configuration list for PBXNativeTarget "SKItem" */ = {
			isa = XCConfigurationList;
			buildConfigurations = (
				56AB93C81ED7D8D700B8522A /* Debug */,
				56AB93C91ED7D8D700B8522A /* Release */,
			);
			defaultConfigurationIsVisible = 0;
		};
/* End XCConfigurationList section */
	};
	rootObject = 56AB93A81ED7D8D700B8522A /* Project object */;
}
